{
  "name": "dbook",
  "lockfileVersion": 2,
  "requires": true,
  "packages": {
    "": {
      "dependencies": {
        "svgaplayerweb": "^2.3.2"
      }
    },
    "node_modules/svgaplayerweb": {
      "version": "2.3.2",
      "resolved": "https://registry.npmjs.org/svgaplayerweb/-/svgaplayerweb-2.3.2.tgz",
      "integrity": "sha512-QuTvNIgy3W6Mi4h74SczEHUtAwb8m3ax7Ai7xRLUuN6hjJh49RGtWOWq1IuF2I7ECcl0HAYn8FcTn99UDz9UiQ=="
    }
  },
  "dependencies": {
    "svgaplayerweb": {
      "version": "2.3.2",
      "resolved": "https://registry.npmjs.org/svgaplayerweb/-/svgaplayerweb-2.3.2.tgz",
      "integrity": "sha512-QuTvNIgy3W6Mi4h74SczEHUtAwb8m3ax7Ai7xRLUuN6hjJh49RGtWOWq1IuF2I7ECcl0HAYn8FcTn99UDz9UiQ=="
    }
  }
}
